
Microsoft Visual Studio Solution File, Format Version 12.00
# Visual Studio Version 17
VisualStudioVersion = 17.14.36301.6 d17.14
MinimumVisualStudioVersion = 10.0.40219.1
Project("{FAE04EC0-301F-11D3-BF4B-00C04F79EFBC}") = "UGIdotNET.SpikeTIme.AzureSb", "UGIdotNET.SpikeTIme.AzureSb\UGIdotNET.SpikeTIme.AzureSb.csproj", "{EB63FC77-24EA-4054-8E17-0E0BE1DADBB2}"
EndProject
Project("{FAE04EC0-301F-11D3-BF4B-00C04F79EFBC}") = "UGIdotNET.SpikeTIme.AzureSbReceiver", "UGIdotNET.SpikeTIme.AzureSbReceiver\UGIdotNET.SpikeTIme.AzureSbReceiver.csproj", "{BEA8ED4A-9F4E-4EF8-85CB-60F89FBD9D3D}"
EndProject
Global
	GlobalSection(SolutionConfigurationPlatforms) = preSolution
		Debug|Any CPU = Debug|Any CPU
		Release|Any CPU = Release|Any CPU
	EndGlobalSection
	GlobalSection(ProjectConfigurationPlatforms) = postSolution
		{EB63FC77-24EA-4054-8E17-0E0BE1DADBB2}.Debug|Any CPU.ActiveCfg = Debug|Any CPU
		{EB63FC77-24EA-4054-8E17-0E0BE1DADBB2}.Debug|Any CPU.Build.0 = Debug|Any CPU
		{EB63FC77-24EA-4054-8E17-0E0BE1DADBB2}.Release|Any CPU.ActiveCfg = Release|Any CPU
		{EB63FC77-24EA-4054-8E17-0E0BE1DADBB2}.Release|Any CPU.Build.0 = Release|Any CPU
		{BEA8ED4A-9F4E-4EF8-85CB-60F89FBD9D3D}.Debug|Any CPU.ActiveCfg = Debug|Any CPU
		{BEA8ED4A-9F4E-4EF8-85CB-60F89FBD9D3D}.Debug|Any CPU.Build.0 = Debug|Any CPU
		{BEA8ED4A-9F4E-4EF8-85CB-60F89FBD9D3D}.Release|Any CPU.ActiveCfg = Release|Any CPU
		{BEA8ED4A-9F4E-4EF8-85CB-60F89FBD9D3D}.Release|Any CPU.Build.0 = Release|Any CPU
	EndGlobalSection
	GlobalSection(SolutionProperties) = preSolution
		HideSolutionNode = FALSE
	EndGlobalSection
	GlobalSection(ExtensibilityGlobals) = postSolution
		SolutionGuid = {64D45502-4C48-477A-A19F-83B7D4F4A4B3}
	EndGlobalSection
EndGlobal
