
Microsoft Visual Studio Solution File, Format Version 12.00
# Visual Studio Version 17
VisualStudioVersion = 17.9.34616.47
MinimumVisualStudioVersion = 10.0.40219.1
Project("{FAE04EC0-301F-11D3-BF4B-00C04F79EFBC}") = "UGIdotNET.SpikeTime.EFCore", "UGIdotNET.SpikeTime.EFCore\UGIdotNET.SpikeTime.EFCore.csproj", "{907786A1-BEFA-44CD-A8EA-8FB4018621B5}"
EndProject
Global
	GlobalSection(SolutionConfigurationPlatforms) = preSolution
		Debug|Any CPU = Debug|Any CPU
		Release|Any CPU = Release|Any CPU
	EndGlobalSection
	GlobalSection(ProjectConfigurationPlatforms) = postSolution
		{907786A1-BEFA-44CD-A8EA-8FB4018621B5}.Debug|Any CPU.ActiveCfg = Debug|Any CPU
		{907786A1-BEFA-44CD-A8EA-8FB4018621B5}.Debug|Any CPU.Build.0 = Debug|Any CPU
		{907786A1-BEFA-44CD-A8EA-8FB4018621B5}.Release|Any CPU.ActiveCfg = Release|Any CPU
		{907786A1-BEFA-44CD-A8EA-8FB4018621B5}.Release|Any CPU.Build.0 = Release|Any CPU
	EndGlobalSection
	GlobalSection(SolutionProperties) = preSolution
		HideSolutionNode = FALSE
	EndGlobalSection
	GlobalSection(ExtensibilityGlobals) = postSolution
		SolutionGuid = {C30A62DA-900B-4C99-A7A8-2879C99343E2}
	EndGlobalSection
EndGlobal
