
Microsoft Visual Studio Solution File, Format Version 12.00
# Visual Studio Version 17
VisualStudioVersion = 17.11.35327.3
MinimumVisualStudioVersion = 10.0.40219.1
Project("{FAE04EC0-301F-11D3-BF4B-00C04F79EFBC}") = "UGIdotNET.SpikeTime.MongoApi", "UGIdotNET.SpikeTime.MongoApi\UGIdotNET.SpikeTime.MongoApi.csproj", "{B9A9D495-527B-4E8F-8CE2-B4C5D2FA82FC}"
EndProject
Global
	GlobalSection(SolutionConfigurationPlatforms) = preSolution
		Debug|Any CPU = Debug|Any CPU
		Release|Any CPU = Release|Any CPU
	EndGlobalSection
	GlobalSection(ProjectConfigurationPlatforms) = postSolution
		{B9A9D495-527B-4E8F-8CE2-B4C5D2FA82FC}.Debug|Any CPU.ActiveCfg = Debug|Any CPU
		{B9A9D495-527B-4E8F-8CE2-B4C5D2FA82FC}.Debug|Any CPU.Build.0 = Debug|Any CPU
		{B9A9D495-527B-4E8F-8CE2-B4C5D2FA82FC}.Release|Any CPU.ActiveCfg = Release|Any CPU
		{B9A9D495-527B-4E8F-8CE2-B4C5D2FA82FC}.Release|Any CPU.Build.0 = Release|Any CPU
	EndGlobalSection
	GlobalSection(SolutionProperties) = preSolution
		HideSolutionNode = FALSE
	EndGlobalSection
	GlobalSection(ExtensibilityGlobals) = postSolution
		SolutionGuid = {EAB07C99-7C89-4E62-B065-9E2EACDB49FD}
	EndGlobalSection
EndGlobal
