
Microsoft Visual Studio Solution File, Format Version 12.00
# Visual Studio Version 17
VisualStudioVersion = 17.9.34728.123
MinimumVisualStudioVersion = 10.0.40219.1
Project("{FAE04EC0-301F-11D3-BF4B-00C04F79EFBC}") = "UGIdotNET.SpikeTime.FastEndpoints", "UGIdotNET.SpikeTime.FastEndpoints\UGIdotNET.SpikeTime.FastEndpoints.csproj", "{875A0D6E-672A-400A-A847-61D295F6F268}"
EndProject
Global
	GlobalSection(SolutionConfigurationPlatforms) = preSolution
		Debug|Any CPU = Debug|Any CPU
		Release|Any CPU = Release|Any CPU
	EndGlobalSection
	GlobalSection(ProjectConfigurationPlatforms) = postSolution
		{875A0D6E-672A-400A-A847-61D295F6F268}.Debug|Any CPU.ActiveCfg = Debug|Any CPU
		{875A0D6E-672A-400A-A847-61D295F6F268}.Debug|Any CPU.Build.0 = Debug|Any CPU
		{875A0D6E-672A-400A-A847-61D295F6F268}.Release|Any CPU.ActiveCfg = Release|Any CPU
		{875A0D6E-672A-400A-A847-61D295F6F268}.Release|Any CPU.Build.0 = Release|Any CPU
	EndGlobalSection
	GlobalSection(SolutionProperties) = preSolution
		HideSolutionNode = FALSE
	EndGlobalSection
	GlobalSection(ExtensibilityGlobals) = postSolution
		SolutionGuid = {2FB06B02-F08B-4B55-A9BB-3B3C42741384}
	EndGlobalSection
EndGlobal
