
Microsoft Visual Studio Solution File, Format Version 12.00
# Visual Studio Version 17
VisualStudioVersion = 17.11.35312.102
MinimumVisualStudioVersion = 10.0.40219.1
Project("{FAE04EC0-301F-11D3-BF4B-00C04F79EFBC}") = "UGIdotNET.SpikeTime.DynamoDb", "UGIdotNET.SpikeTime.DynamoDb\UGIdotNET.SpikeTime.DynamoDb.csproj", "{C871E609-781B-4394-84C8-13E647E6A316}"
EndProject
Global
	GlobalSection(SolutionConfigurationPlatforms) = preSolution
		Debug|Any CPU = Debug|Any CPU
		Release|Any CPU = Release|Any CPU
	EndGlobalSection
	GlobalSection(ProjectConfigurationPlatforms) = postSolution
		{C871E609-781B-4394-84C8-13E647E6A316}.Debug|Any CPU.ActiveCfg = Debug|Any CPU
		{C871E609-781B-4394-84C8-13E647E6A316}.Debug|Any CPU.Build.0 = Debug|Any CPU
		{C871E609-781B-4394-84C8-13E647E6A316}.Release|Any CPU.ActiveCfg = Release|Any CPU
		{C871E609-781B-4394-84C8-13E647E6A316}.Release|Any CPU.Build.0 = Release|Any CPU
	EndGlobalSection
	GlobalSection(SolutionProperties) = preSolution
		HideSolutionNode = FALSE
	EndGlobalSection
	GlobalSection(ExtensibilityGlobals) = postSolution
		SolutionGuid = {01A6DFB9-0792-4593-9F61-695C6746DDCD}
	EndGlobalSection
EndGlobal
