
Microsoft Visual Studio Solution File, Format Version 12.00
# Visual Studio Version 17
VisualStudioVersion = 17.11.35222.181
MinimumVisualStudioVersion = 10.0.40219.1
Project("{FAE04EC0-301F-11D3-BF4B-00C04F79EFBC}") = "UGIdotNET.SpikeTime.RadzenApp", "UGIdotNET.SpikeTime.RadzenApp\UGIdotNET.SpikeTime.RadzenApp.csproj", "{94896AEB-C78B-49DF-B741-3D14CF47FC9B}"
EndProject
Global
	GlobalSection(SolutionConfigurationPlatforms) = preSolution
		Debug|Any CPU = Debug|Any CPU
		Release|Any CPU = Release|Any CPU
	EndGlobalSection
	GlobalSection(ProjectConfigurationPlatforms) = postSolution
		{94896AEB-C78B-49DF-B741-3D14CF47FC9B}.Debug|Any CPU.ActiveCfg = Debug|Any CPU
		{94896AEB-C78B-49DF-B741-3D14CF47FC9B}.Debug|Any CPU.Build.0 = Debug|Any CPU
		{94896AEB-C78B-49DF-B741-3D14CF47FC9B}.Release|Any CPU.ActiveCfg = Release|Any CPU
		{94896AEB-C78B-49DF-B741-3D14CF47FC9B}.Release|Any CPU.Build.0 = Release|Any CPU
	EndGlobalSection
	GlobalSection(SolutionProperties) = preSolution
		HideSolutionNode = FALSE
	EndGlobalSection
	GlobalSection(ExtensibilityGlobals) = postSolution
		SolutionGuid = {4B951E57-C1DB-4F5F-A803-94BD3E431C87}
	EndGlobalSection
EndGlobal
