
Microsoft Visual Studio Solution File, Format Version 12.00
# Visual Studio Version 17
VisualStudioVersion = 17.10.34928.147
MinimumVisualStudioVersion = 10.0.40219.1
Project("{FAE04EC0-301F-11D3-BF4B-00C04F79EFBC}") = "UGIdotNET.SpikeTime.AwsCognito", "UGIdotNET.SpikeTime.AwsCognito\UGIdotNET.SpikeTime.AwsCognito.csproj", "{2E839BE5-A256-4A71-A745-B82E6E75D6F4}"
EndProject
Global
	GlobalSection(SolutionConfigurationPlatforms) = preSolution
		Debug|Any CPU = Debug|Any CPU
		Release|Any CPU = Release|Any CPU
	EndGlobalSection
	GlobalSection(ProjectConfigurationPlatforms) = postSolution
		{2E839BE5-A256-4A71-A745-B82E6E75D6F4}.Debug|Any CPU.ActiveCfg = Debug|Any CPU
		{2E839BE5-A256-4A71-A745-B82E6E75D6F4}.Debug|Any CPU.Build.0 = Debug|Any CPU
		{2E839BE5-A256-4A71-A745-B82E6E75D6F4}.Release|Any CPU.ActiveCfg = Release|Any CPU
		{2E839BE5-A256-4A71-A745-B82E6E75D6F4}.Release|Any CPU.Build.0 = Release|Any CPU
	EndGlobalSection
	GlobalSection(SolutionProperties) = preSolution
		HideSolutionNode = FALSE
	EndGlobalSection
	GlobalSection(ExtensibilityGlobals) = postSolution
		SolutionGuid = {551D24DA-9C95-437C-B45C-492A858651C8}
	EndGlobalSection
EndGlobal
