
Microsoft Visual Studio Solution File, Format Version 12.00
# Visual Studio Version 17
VisualStudioVersion = 17.12.35707.178 d17.12
MinimumVisualStudioVersion = 10.0.40219.1
Project("{FAE04EC0-301F-11D3-BF4B-00C04F79EFBC}") = "UGIdotNET.SpikeTime.SemanticKernel", "UGIdotNET.SpikeTime.SemanticKernel\UGIdotNET.SpikeTime.SemanticKernel.csproj", "{D80081DC-0833-4EA8-B1FE-A06E44D6F52F}"
EndProject
Global
	GlobalSection(SolutionConfigurationPlatforms) = preSolution
		Debug|Any CPU = Debug|Any CPU
		Release|Any CPU = Release|Any CPU
	EndGlobalSection
	GlobalSection(ProjectConfigurationPlatforms) = postSolution
		{D80081DC-0833-4EA8-B1FE-A06E44D6F52F}.Debug|Any CPU.ActiveCfg = Debug|Any CPU
		{D80081DC-0833-4EA8-B1FE-A06E44D6F52F}.Debug|Any CPU.Build.0 = Debug|Any CPU
		{D80081DC-0833-4EA8-B1FE-A06E44D6F52F}.Release|Any CPU.ActiveCfg = Release|Any CPU
		{D80081DC-0833-4EA8-B1FE-A06E44D6F52F}.Release|Any CPU.Build.0 = Release|Any CPU
	EndGlobalSection
	GlobalSection(SolutionProperties) = preSolution
		HideSolutionNode = FALSE
	EndGlobalSection
EndGlobal
