
Microsoft Visual Studio Solution File, Format Version 12.00
# Visual Studio Version 17
VisualStudioVersion = 17.9.34902.65
MinimumVisualStudioVersion = 10.0.40219.1
Project("{FAE04EC0-301F-11D3-BF4B-00C04F79EFBC}") = "UGIdotNET.SpikeTime.BenchmarkDotNet", "UGIdotNET.SpikeTime.BenchmarkDotNet\UGIdotNET.SpikeTime.BenchmarkDotNet.csproj", "{EE335557-F55A-43D5-8489-CD9D7EF6B68E}"
EndProject
Project("{FAE04EC0-301F-11D3-BF4B-00C04F79EFBC}") = "UGIdotNET.SpikeTime.BenchmarkDotNet.Lib", "UGIdotNET.SpikeTime.BenchmarkDotNet.Lib\UGIdotNET.SpikeTime.BenchmarkDotNet.Lib.csproj", "{EC52E43D-51AF-4A2E-98CA-C7570F8C41C5}"
EndProject
Project("{FAE04EC0-301F-11D3-BF4B-00C04F79EFBC}") = "BenchmarkSuite1", "BenchmarkSuite1\BenchmarkSuite1.csproj", "{229AF4D0-842A-4C4E-8B59-E9F35205D425}"
EndProject
Global
	GlobalSection(SolutionConfigurationPlatforms) = preSolution
		Debug|Any CPU = Debug|Any CPU
		Release|Any CPU = Release|Any CPU
	EndGlobalSection
	GlobalSection(ProjectConfigurationPlatforms) = postSolution
		{EE335557-F55A-43D5-8489-CD9D7EF6B68E}.Debug|Any CPU.ActiveCfg = Debug|Any CPU
		{EE335557-F55A-43D5-8489-CD9D7EF6B68E}.Debug|Any CPU.Build.0 = Debug|Any CPU
		{EE335557-F55A-43D5-8489-CD9D7EF6B68E}.Release|Any CPU.ActiveCfg = Release|Any CPU
		{EE335557-F55A-43D5-8489-CD9D7EF6B68E}.Release|Any CPU.Build.0 = Release|Any CPU
		{EC52E43D-51AF-4A2E-98CA-C7570F8C41C5}.Debug|Any CPU.ActiveCfg = Debug|Any CPU
		{EC52E43D-51AF-4A2E-98CA-C7570F8C41C5}.Debug|Any CPU.Build.0 = Debug|Any CPU
		{EC52E43D-51AF-4A2E-98CA-C7570F8C41C5}.Release|Any CPU.ActiveCfg = Release|Any CPU
		{EC52E43D-51AF-4A2E-98CA-C7570F8C41C5}.Release|Any CPU.Build.0 = Release|Any CPU
		{229AF4D0-842A-4C4E-8B59-E9F35205D425}.Debug|Any CPU.ActiveCfg = Debug|Any CPU
		{229AF4D0-842A-4C4E-8B59-E9F35205D425}.Debug|Any CPU.Build.0 = Debug|Any CPU
		{229AF4D0-842A-4C4E-8B59-E9F35205D425}.Release|Any CPU.ActiveCfg = Release|Any CPU
		{229AF4D0-842A-4C4E-8B59-E9F35205D425}.Release|Any CPU.Build.0 = Release|Any CPU
	EndGlobalSection
	GlobalSection(SolutionProperties) = preSolution
		HideSolutionNode = FALSE
	EndGlobalSection
	GlobalSection(ExtensibilityGlobals) = postSolution
		SolutionGuid = {13315124-410E-4408-9024-FD245921C288}
	EndGlobalSection
EndGlobal
